
Microsoft Visual Studio Solution File, Format Version 12.00
# Visual Studio 15
VisualStudioVersion = 15.0.27130.2027
MinimumVisualStudioVersion = 10.0.40219.1
Project("{FAE04EC0-301F-11D3-BF4B-00C04F79EFBC}") = "ProjetoAcademia", "ProjetoAcademia\ProjetoAcademia.csproj", "{9BF82D37-78BE-45F3-BD62-90DD8DC4CC10}"
EndProject
Project("{FAE04EC0-301F-11D3-BF4B-00C04F79EFBC}") = "Modelos", "Modelos\Modelos.csproj", "{2D2C31D0-10C2-476D-B8CD-F6D464FAE7C8}"
EndProject
Project("{FAE04EC0-301F-11D3-BF4B-00C04F79EFBC}") = "Controller", "AlunoController\Controller.csproj", "{35A74F0F-FC25-4B1E-AF3E-A9834B3842D2}"
EndProject
Global
	GlobalSection(SolutionConfigurationPlatforms) = preSolution
		Debug|Any CPU = Debug|Any CPU
		Release|Any CPU = Release|Any CPU
	EndGlobalSection
	GlobalSection(ProjectConfigurationPlatforms) = postSolution
		{9BF82D37-78BE-45F3-BD62-90DD8DC4CC10}.Debug|Any CPU.ActiveCfg = Debug|Any CPU
		{9BF82D37-78BE-45F3-BD62-90DD8DC4CC10}.Debug|Any CPU.Build.0 = Debug|Any CPU
		{9BF82D37-78BE-45F3-BD62-90DD8DC4CC10}.Release|Any CPU.ActiveCfg = Release|Any CPU
		{9BF82D37-78BE-45F3-BD62-90DD8DC4CC10}.Release|Any CPU.Build.0 = Release|Any CPU
		{2D2C31D0-10C2-476D-B8CD-F6D464FAE7C8}.Debug|Any CPU.ActiveCfg = Debug|Any CPU
		{2D2C31D0-10C2-476D-B8CD-F6D464FAE7C8}.Debug|Any CPU.Build.0 = Debug|Any CPU
		{2D2C31D0-10C2-476D-B8CD-F6D464FAE7C8}.Release|Any CPU.ActiveCfg = Release|Any CPU
		{2D2C31D0-10C2-476D-B8CD-F6D464FAE7C8}.Release|Any CPU.Build.0 = Release|Any CPU
		{35A74F0F-FC25-4B1E-AF3E-A9834B3842D2}.Debug|Any CPU.ActiveCfg = Debug|Any CPU
		{35A74F0F-FC25-4B1E-AF3E-A9834B3842D2}.Debug|Any CPU.Build.0 = Debug|Any CPU
		{35A74F0F-FC25-4B1E-AF3E-A9834B3842D2}.Release|Any CPU.ActiveCfg = Release|Any CPU
		{35A74F0F-FC25-4B1E-AF3E-A9834B3842D2}.Release|Any CPU.Build.0 = Release|Any CPU
	EndGlobalSection
	GlobalSection(SolutionProperties) = preSolution
		HideSolutionNode = FALSE
	EndGlobalSection
	GlobalSection(ExtensibilityGlobals) = postSolution
		SolutionGuid = {F6E7D633-973A-4472-BCB4-03ACC6B55322}
	EndGlobalSection
EndGlobal
